
Microsoft Visual Studio Solution File, Format Version 12.00
# Visual Studio Version 16
VisualStudioVersion = 16.0.31205.134
MinimumVisualStudioVersion = 10.0.40219.1
Project("{FAE04EC0-301F-11D3-BF4B-00C04F79EFBC}") = "BestBiryani", "BestBiryani\BestBiryani.csproj", "{13BC4235-DA14-4A59-83CD-1A9FEFEE60EE}"
EndProject
Global
	GlobalSection(SolutionConfigurationPlatforms) = preSolution
		Debug|Any CPU = Debug|Any CPU
		Release|Any CPU = Release|Any CPU
	EndGlobalSection
	GlobalSection(ProjectConfigurationPlatforms) = postSolution
		{13BC4235-DA14-4A59-83CD-1A9FEFEE60EE}.Debug|Any CPU.ActiveCfg = Debug|Any CPU
		{13BC4235-DA14-4A59-83CD-1A9FEFEE60EE}.Debug|Any CPU.Build.0 = Debug|Any CPU
		{13BC4235-DA14-4A59-83CD-1A9FEFEE60EE}.Release|Any CPU.ActiveCfg = Release|Any CPU
		{13BC4235-DA14-4A59-83CD-1A9FEFEE60EE}.Release|Any CPU.Build.0 = Release|Any CPU
	EndGlobalSection
	GlobalSection(SolutionProperties) = preSolution
		HideSolutionNode = FALSE
	EndGlobalSection
	GlobalSection(ExtensibilityGlobals) = postSolution
		SolutionGuid = {8612E9FC-DB52-49CE-B29B-7432683B4B28}
	EndGlobalSection
EndGlobal
